
Microsoft Visual Studio Solution File, Format Version 12.00
# Visual Studio Version 17
VisualStudioVersion = 17.6.33829.357
MinimumVisualStudioVersion = 10.0.40219.1
Project("{9A19103F-16F7-4668-BE54-9A1E7A4F7556}") = "LocalizableStrings", "LocalizableStrings\LocalizableStrings.csproj", "{C9392606-F62D-480B-9415-B67ED2BBEF2D}"
EndProject
Project("{9A19103F-16F7-4668-BE54-9A1E7A4F7556}") = "ShapeDemo", "ShapeDemo\ShapeDemo.csproj", "{0CCC51E2-3222-4AC0-B944-081CFD8348D7}"
EndProject
Project("{9A19103F-16F7-4668-BE54-9A1E7A4F7556}") = "Validation", "Validation\Validation.csproj", "{41868E7D-7831-4931-BE98-AF44B37D2726}"
EndProject
Project("{9A19103F-16F7-4668-BE54-9A1E7A4F7556}") = "Circle", "ShapeLibrary\Circle\Circle.csproj", "{4664203F-9328-47BA-B351-C647F1BC2E76}"
EndProject
Project("{9A19103F-16F7-4668-BE54-9A1E7A4F7556}") = "IShape", "ShapeLibrary\IShape\IShape.csproj", "{A2167434-080F-44E3-A635-44B4D68ADF55}"
EndProject
Project("{9A19103F-16F7-4668-BE54-9A1E7A4F7556}") = "Triangle", "ShapeLibrary\Triangle\Triangle.csproj", "{0B5D5FB2-1A4D-4FD8-923A-23D53658FAD1}"
EndProject
Project("{2150E333-8FDC-42A3-9474-1A3956D46DE8}") = "Common", "Common", "{F1C0C530-7FDC-4765-A979-093FBCC32E64}"
EndProject
Project("{2150E333-8FDC-42A3-9474-1A3956D46DE8}") = "Shape", "Shape", "{3AD2A1A3-D67D-490A-AFCF-20EBECDC8AE3}"
EndProject
Project("{2150E333-8FDC-42A3-9474-1A3956D46DE8}") = "Demo", "Demo", "{07FE0C7E-2476-4E6D-92D9-325D412125AB}"
EndProject
Project("{2150E333-8FDC-42A3-9474-1A3956D46DE8}") = "Tests", "Tests", "{7A0155E6-0D33-46CE-9ECE-CEC7B29D0D2E}"
EndProject
Project("{2150E333-8FDC-42A3-9474-1A3956D46DE8}") = "CircleTests", "CircleTests", "{D0B1668E-29B5-4A81-B985-37B820AE693A}"
EndProject
Project("{2150E333-8FDC-42A3-9474-1A3956D46DE8}") = "TriangleTests", "TriangleTests", "{C71B60DD-9EE0-4CEB-B4BB-56523D99BFA4}"
EndProject
Project("{FAE04EC0-301F-11D3-BF4B-00C04F79EFBC}") = "CircleTests", "Tests\CircleTests\CircleTests.csproj", "{FDF7D65D-E6C6-4BFE-89D5-C6AB1266A21F}"
EndProject
Project("{FAE04EC0-301F-11D3-BF4B-00C04F79EFBC}") = "TriangleTests", "Tests\TriangleTests\TriangleTests.csproj", "{2EE9E811-A738-45D3-83B0-3F4EB4EE1F7C}"
EndProject
Project("{2150E333-8FDC-42A3-9474-1A3956D46DE8}") = "Элементы решения", "Элементы решения", "{A27AC0BA-C868-4DF8-8E84-741417336649}"
	ProjectSection(SolutionItems) = preProject
		.gitignore = .gitignore
	EndProjectSection
EndProject
Global
	GlobalSection(SolutionConfigurationPlatforms) = preSolution
		Debug|Any CPU = Debug|Any CPU
		Release|Any CPU = Release|Any CPU
	EndGlobalSection
	GlobalSection(ProjectConfigurationPlatforms) = postSolution
		{C9392606-F62D-480B-9415-B67ED2BBEF2D}.Debug|Any CPU.ActiveCfg = Debug|Any CPU
		{C9392606-F62D-480B-9415-B67ED2BBEF2D}.Debug|Any CPU.Build.0 = Debug|Any CPU
		{C9392606-F62D-480B-9415-B67ED2BBEF2D}.Release|Any CPU.ActiveCfg = Release|Any CPU
		{C9392606-F62D-480B-9415-B67ED2BBEF2D}.Release|Any CPU.Build.0 = Release|Any CPU
		{0CCC51E2-3222-4AC0-B944-081CFD8348D7}.Debug|Any CPU.ActiveCfg = Debug|Any CPU
		{0CCC51E2-3222-4AC0-B944-081CFD8348D7}.Debug|Any CPU.Build.0 = Debug|Any CPU
		{0CCC51E2-3222-4AC0-B944-081CFD8348D7}.Release|Any CPU.ActiveCfg = Release|Any CPU
		{0CCC51E2-3222-4AC0-B944-081CFD8348D7}.Release|Any CPU.Build.0 = Release|Any CPU
		{41868E7D-7831-4931-BE98-AF44B37D2726}.Debug|Any CPU.ActiveCfg = Debug|Any CPU
		{41868E7D-7831-4931-BE98-AF44B37D2726}.Debug|Any CPU.Build.0 = Debug|Any CPU
		{41868E7D-7831-4931-BE98-AF44B37D2726}.Release|Any CPU.ActiveCfg = Release|Any CPU
		{41868E7D-7831-4931-BE98-AF44B37D2726}.Release|Any CPU.Build.0 = Release|Any CPU
		{4664203F-9328-47BA-B351-C647F1BC2E76}.Debug|Any CPU.ActiveCfg = Debug|Any CPU
		{4664203F-9328-47BA-B351-C647F1BC2E76}.Debug|Any CPU.Build.0 = Debug|Any CPU
		{4664203F-9328-47BA-B351-C647F1BC2E76}.Release|Any CPU.ActiveCfg = Release|Any CPU
		{4664203F-9328-47BA-B351-C647F1BC2E76}.Release|Any CPU.Build.0 = Release|Any CPU
		{A2167434-080F-44E3-A635-44B4D68ADF55}.Debug|Any CPU.ActiveCfg = Debug|Any CPU
		{A2167434-080F-44E3-A635-44B4D68ADF55}.Debug|Any CPU.Build.0 = Debug|Any CPU
		{A2167434-080F-44E3-A635-44B4D68ADF55}.Release|Any CPU.ActiveCfg = Release|Any CPU
		{A2167434-080F-44E3-A635-44B4D68ADF55}.Release|Any CPU.Build.0 = Release|Any CPU
		{0B5D5FB2-1A4D-4FD8-923A-23D53658FAD1}.Debug|Any CPU.ActiveCfg = Debug|Any CPU
		{0B5D5FB2-1A4D-4FD8-923A-23D53658FAD1}.Debug|Any CPU.Build.0 = Debug|Any CPU
		{0B5D5FB2-1A4D-4FD8-923A-23D53658FAD1}.Release|Any CPU.ActiveCfg = Release|Any CPU
		{0B5D5FB2-1A4D-4FD8-923A-23D53658FAD1}.Release|Any CPU.Build.0 = Release|Any CPU
		{FDF7D65D-E6C6-4BFE-89D5-C6AB1266A21F}.Debug|Any CPU.ActiveCfg = Debug|Any CPU
		{FDF7D65D-E6C6-4BFE-89D5-C6AB1266A21F}.Debug|Any CPU.Build.0 = Debug|Any CPU
		{FDF7D65D-E6C6-4BFE-89D5-C6AB1266A21F}.Release|Any CPU.ActiveCfg = Release|Any CPU
		{FDF7D65D-E6C6-4BFE-89D5-C6AB1266A21F}.Release|Any CPU.Build.0 = Release|Any CPU
		{2EE9E811-A738-45D3-83B0-3F4EB4EE1F7C}.Debug|Any CPU.ActiveCfg = Debug|Any CPU
		{2EE9E811-A738-45D3-83B0-3F4EB4EE1F7C}.Debug|Any CPU.Build.0 = Debug|Any CPU
		{2EE9E811-A738-45D3-83B0-3F4EB4EE1F7C}.Release|Any CPU.ActiveCfg = Release|Any CPU
		{2EE9E811-A738-45D3-83B0-3F4EB4EE1F7C}.Release|Any CPU.Build.0 = Release|Any CPU
	EndGlobalSection
	GlobalSection(SolutionProperties) = preSolution
		HideSolutionNode = FALSE
	EndGlobalSection
	GlobalSection(NestedProjects) = preSolution
		{C9392606-F62D-480B-9415-B67ED2BBEF2D} = {F1C0C530-7FDC-4765-A979-093FBCC32E64}
		{0CCC51E2-3222-4AC0-B944-081CFD8348D7} = {07FE0C7E-2476-4E6D-92D9-325D412125AB}
		{41868E7D-7831-4931-BE98-AF44B37D2726} = {F1C0C530-7FDC-4765-A979-093FBCC32E64}
		{4664203F-9328-47BA-B351-C647F1BC2E76} = {3AD2A1A3-D67D-490A-AFCF-20EBECDC8AE3}
		{A2167434-080F-44E3-A635-44B4D68ADF55} = {3AD2A1A3-D67D-490A-AFCF-20EBECDC8AE3}
		{0B5D5FB2-1A4D-4FD8-923A-23D53658FAD1} = {3AD2A1A3-D67D-490A-AFCF-20EBECDC8AE3}
		{D0B1668E-29B5-4A81-B985-37B820AE693A} = {7A0155E6-0D33-46CE-9ECE-CEC7B29D0D2E}
		{C71B60DD-9EE0-4CEB-B4BB-56523D99BFA4} = {7A0155E6-0D33-46CE-9ECE-CEC7B29D0D2E}
		{FDF7D65D-E6C6-4BFE-89D5-C6AB1266A21F} = {D0B1668E-29B5-4A81-B985-37B820AE693A}
		{2EE9E811-A738-45D3-83B0-3F4EB4EE1F7C} = {C71B60DD-9EE0-4CEB-B4BB-56523D99BFA4}
	EndGlobalSection
	GlobalSection(ExtensibilityGlobals) = postSolution
		SolutionGuid = {A24A6987-BFA0-4F90-A5FE-B2336C6C2DA7}
	EndGlobalSection
EndGlobal
